// !$*UTF8*$!
{
	archiveVersion = 1;
	classes = {
	};
	objectVersion = 46;
	objects = {

/* Begin PBXBuildFile section */
		27871AA61C11D70B00F0C7E6 /* AppDelegate.swift in Sources */ = {isa = PBXBuildFile; fileRef = 27871AA51C11D70B00F0C7E6 /* AppDelegate.swift */; };
		27871AA81C11D70B00F0C7E6 /* RecordSoundViewController.swift in Sources */ = {isa = PBXBuildFile; fileRef = 27871AA71C11D70B00F0C7E6 /* RecordSoundViewController.swift */; };
		27871AAB1C11D70B00F0C7E6 /* Main.storyboard in Resources */ = {isa = PBXBuildFile; fileRef = 27871AA91C11D70B00F0C7E6 /* Main.storyboard */; };
		27871AAD1C11D70B00F0C7E6 /* Assets.xcassets in Resources */ = {isa = PBXBuildFile; fileRef = 27871AAC1C11D70B00F0C7E6 /* Assets.xcassets */; };
		27871AB01C11D70B00F0C7E6 /* LaunchScreen.storyboard in Resources */ = {isa = PBXBuildFile; fileRef = 27871AAE1C11D70B00F0C7E6 /* LaunchScreen.storyboard */; };
		27871ABB1C11D70B00F0C7E6 /* Pitch_PerfectTests.swift in Sources */ = {isa = PBXBuildFile; fileRef = 27871ABA1C11D70B00F0C7E6 /* Pitch_PerfectTests.swift */; };
		27871AC61C11D70C00F0C7E6 /* Pitch_PerfectUITests.swift in Sources */ = {isa = PBXBuildFile; fileRef = 27871AC51C11D70C00F0C7E6 /* Pitch_PerfectUITests.swift */; };
		27871ADA1C12C23400F0C7E6 /* PlaySoundViewController.swift in Sources */ = {isa = PBXBuildFile; fileRef = 27871AD91C12C23400F0C7E6 /* PlaySoundViewController.swift */; };
		27871ADE1C12D32F00F0C7E6 /* movie_quote.mp3 in Resources */ = {isa = PBXBuildFile; fileRef = 27871ADD1C12D32E00F0C7E6 /* movie_quote.mp3 */; };
		27871AE81C12FB1500F0C7E6 /* RecordedAudio.swift in Sources */ = {isa = PBXBuildFile; fileRef = 27871AE71C12FB1500F0C7E6 /* RecordedAudio.swift */; };
/* End PBXBuildFile section */

/* Begin PBXContainerItemProxy section */
		27871AB71C11D70B00F0C7E6 /* PBXContainerItemProxy */ = {
			isa = PBXContainerItemProxy;
			containerPortal = 27871A9A1C11D70B00F0C7E6 /* Project object */;
			proxyType = 1;
			remoteGlobalIDString = 27871AA11C11D70B00F0C7E6;
			remoteInfo = "Pitch Perfect";
		};
		27871AC21C11D70B00F0C7E6 /* PBXContainerItemProxy */ = {
			isa = PBXContainerItemProxy;
			containerPortal = 27871A9A1C11D70B00F0C7E6 /* Project object */;
			proxyType = 1;
			remoteGlobalIDString = 27871AA11C11D70B00F0C7E6;
			remoteInfo = "Pitch Perfect";
		};
/* End PBXContainerItemProxy section */

/* Begin PBXFileReference section */
		27871AA21C11D70B00F0C7E6 /* Pitch Perfect.app */ = {isa = PBXFileReference; explicitFileType = wrapper.application; includeInIndex = 0; path = "Pitch Perfect.app"; sourceTree = BUILT_PRODUCTS_DIR; };
		27871AA51C11D70B00F0C7E6 /* AppDelegate.swift */ = {isa = PBXFileReference; lastKnownFileType = sourcecode.swift; path = AppDelegate.swift; sourceTree = "<group>"; };
		27871AA71C11D70B00F0C7E6 /* RecordSoundViewController.swift */ = {isa = PBXFileReference; lastKnownFileType = sourcecode.swift; path = RecordSoundViewController.swift; sourceTree = "<group>"; };
		27871AAA1C11D70B00F0C7E6 /* Base */ = {isa = PBXFileReference; lastKnownFileType = file.storyboard; name = Base; path = Base.lproj/Main.storyboard; sourceTree = "<group>"; };
		27871AAC1C11D70B00F0C7E6 /* Assets.xcassets */ = {isa = PBXFileReference; lastKnownFileType = folder.assetcatalog; path = Assets.xcassets; sourceTree = "<group>"; };
		27871AAF1C11D70B00F0C7E6 /* Base */ = {isa = PBXFileReference; lastKnownFileType = file.storyboard; name = Base; path = Base.lproj/LaunchScreen.storyboard; sourceTree = "<group>"; };
		27871AB11C11D70B00F0C7E6 /* Info.plist */ = {isa = PBXFileReference; lastKnownFileType = text.plist.xml; path = Info.plist; sourceTree = "<group>"; };
		27871AB61C11D70B00F0C7E6 /* Pitch PerfectTests.xctest */ = {isa = PBXFileReference; explicitFileType = wrapper.cfbundle; includeInIndex = 0; path = "Pitch PerfectTests.xctest"; sourceTree = BUILT_PRODUCTS_DIR; };
		27871ABA1C11D70B00F0C7E6 /* Pitch_PerfectTests.swift */ = {isa = PBXFileReference; lastKnownFileType = sourcecode.swift; path = Pitch_PerfectTests.swift; sourceTree = "<group>"; };
		27871ABC1C11D70B00F0C7E6 /* Info.plist */ = {isa = PBXFileReference; lastKnownFileType = text.plist.xml; path = Info.plist; sourceTree = "<group>"; };
		27871AC11C11D70B00F0C7E6 /* Pitch PerfectUITests.xctest */ = {isa = PBXFileReference; explicitFileType = wrapper.cfbundle; includeInIndex = 0; path = "Pitch PerfectUITests.xctest"; sourceTree = BUILT_PRODUCTS_DIR; };
		27871AC51C11D70C00F0C7E6 /* Pitch_PerfectUITests.swift */ = {isa = PBXFileReference; lastKnownFileType = sourcecode.swift; path = Pitch_PerfectUITests.swift; sourceTree = "<group>"; };
		27871AC71C11D70C00F0C7E6 /* Info.plist */ = {isa = PBXFileReference; lastKnownFileType = text.plist.xml; path = Info.plist; sourceTree = "<group>"; };
		27871AD91C12C23400F0C7E6 /* PlaySoundViewController.swift */ = {isa = PBXFileReference; fileEncoding = 4; lastKnownFileType = sourcecode.swift; path = PlaySoundViewController.swift; sourceTree = "<group>"; };
		27871ADD1C12D32E00F0C7E6 /* movie_quote.mp3 */ = {isa = PBXFileReference; lastKnownFileType = audio.mp3; path = movie_quote.mp3; sourceTree = "<group>"; };
		27871AE71C12FB1500F0C7E6 /* RecordedAudio.swift */ = {isa = PBXFileReference; fileEncoding = 4; lastKnownFileType = sourcecode.swift; path = RecordedAudio.swift; sourceTree = "<group>"; };
/* End PBXFileReference section */

/* Begin PBXFrameworksBuildPhase section */
		27871A9F1C11D70B00F0C7E6 /* Frameworks */ = {
			isa = PBXFrameworksBuildPhase;
			buildActionMask = 2147483647;
			files = (
			);
			runOnlyForDeploymentPostprocessing = 0;
		};
		27871AB31C11D70B00F0C7E6 /* Frameworks */ = {
			isa = PBXFrameworksBuildPhase;
			buildActionMask = 2147483647;
			files = (
			);
			runOnlyForDeploymentPostprocessing = 0;
		};
		27871ABE1C11D70B00F0C7E6 /* Frameworks */ = {
			isa = PBXFrameworksBuildPhase;
			buildActionMask = 2147483647;
			files = (
			);
			runOnlyForDeploymentPostprocessing = 0;
		};
/* End PBXFrameworksBuildPhase section */

/* Begin PBXGroup section */
		27871A991C11D70B00F0C7E6 = {
			isa = PBXGroup;
			children = (
				27871AA41C11D70B00F0C7E6 /* Pitch Perfect */,
				27871AB91C11D70B00F0C7E6 /* Pitch PerfectTests */,
				27871AC41C11D70C00F0C7E6 /* Pitch PerfectUITests */,
				27871AA31C11D70B00F0C7E6 /* Products */,
			);
			sourceTree = "<group>";
		};
		27871AA31C11D70B00F0C7E6 /* Products */ = {
			isa = PBXGroup;
			children = (
				27871AA21C11D70B00F0C7E6 /* Pitch Perfect.app */,
				27871AB61C11D70B00F0C7E6 /* Pitch PerfectTests.xctest */,
				27871AC11C11D70B00F0C7E6 /* Pitch PerfectUITests.xctest */,
			);
			name = Products;
			sourceTree = "<group>";
		};
		27871AA41C11D70B00F0C7E6 /* Pitch Perfect */ = {
			isa = PBXGroup;
			children = (
				27871ADD1C12D32E00F0C7E6 /* movie_quote.mp3 */,
				27871AA51C11D70B00F0C7E6 /* AppDelegate.swift */,
				27871AA71C11D70B00F0C7E6 /* RecordSoundViewController.swift */,
				27871AA91C11D70B00F0C7E6 /* Main.storyboard */,
				27871AE71C12FB1500F0C7E6 /* RecordedAudio.swift */,
				27871AAC1C11D70B00F0C7E6 /* Assets.xcassets */,
				27871AAE1C11D70B00F0C7E6 /* LaunchScreen.storyboard */,
				27871AB11C11D70B00F0C7E6 /* Info.plist */,
				27871AD91C12C23400F0C7E6 /* PlaySoundViewController.swift */,
			);
			path = "Pitch Perfect";
			sourceTree = "<group>";
		};
		27871AB91C11D70B00F0C7E6 /* Pitch PerfectTests */ = {
			isa = PBXGroup;
			children = (
				27871ABA1C11D70B00F0C7E6 /* Pitch_PerfectTests.swift */,
				27871ABC1C11D70B00F0C7E6 /* Info.plist */,
			);
			path = "Pitch PerfectTests";
			sourceTree = "<group>";
		};
		27871AC41C11D70C00F0C7E6 /* Pitch PerfectUITests */ = {
			isa = PBXGroup;
			children = (
				27871AC51C11D70C00F0C7E6 /* Pitch_PerfectUITests.swift */,
				27871AC71C11D70C00F0C7E6 /* Info.plist */,
			);
			path = "Pitch PerfectUITests";
			sourceTree = "<group>";
		};
/* End PBXGroup section */

/* Begin PBXNativeTarget section */
		27871AA11C11D70B00F0C7E6 /* Pitch Perfect */ = {
			isa = PBXNativeTarget;
			buildConfigurationList = 27871ACA1C11D70C00F0C7E6 /* Build configuration list for PBXNativeTarget "Pitch Perfect" */;
			buildPhases = (
				27871A9E1C11D70B00F0C7E6 /* Sources */,
				27871A9F1C11D70B00F0C7E6 /* Frameworks */,
				27871AA01C11D70B00F0C7E6 /* Resources */,
			);
			buildRules = (
			);
			dependencies = (
			);
			name = "Pitch Perfect";
			productName = "Pitch Perfect";
			productReference = 27871AA21C11D70B00F0C7E6 /* Pitch Perfect.app */;
			productType = "com.apple.product-type.application";
		};
		27871AB51C11D70B00F0C7E6 /* Pitch PerfectTests */ = {
			isa = PBXNativeTarget;
			buildConfigurationList = 27871ACD1C11D70C00F0C7E6 /* Build configuration list for PBXNativeTarget "Pitch PerfectTests" */;
			buildPhases = (
				27871AB21C11D70B00F0C7E6 /* Sources */,
				27871AB31C11D70B00F0C7E6 /* Frameworks */,
				27871AB41C11D70B00F0C7E6 /* Resources */,
			);
			buildRules = (
			);
			dependencies = (
				27871AB81C11D70B00F0C7E6 /* PBXTargetDependency */,
			);
			name = "Pitch PerfectTests";
			productName = "Pitch PerfectTests";
			productReference = 27871AB61C11D70B00F0C7E6 /* Pitch PerfectTests.xctest */;
			productType = "com.apple.product-type.bundle.unit-test";
		};
		27871AC01C11D70B00F0C7E6 /* Pitch PerfectUITests */ = {
			isa = PBXNativeTarget;
			buildConfigurationList = 27871AD01C11D70C00F0C7E6 /* Build configuration list for PBXNativeTarget "Pitch PerfectUITests" */;
			buildPhases = (
				27871ABD1C11D70B00F0C7E6 /* Sources */,
				27871ABE1C11D70B00F0C7E6 /* Frameworks */,
				27871ABF1C11D70B00F0C7E6 /* Resources */,
			);
			buildRules = (
			);
			dependencies = (
				27871AC31C11D70B00F0C7E6 /* PBXTargetDependency */,
			);
			name = "Pitch PerfectUITests";
			productName = "Pitch PerfectUITests";
			productReference = 27871AC11C11D70B00F0C7E6 /* Pitch PerfectUITests.xctest */;
			productType = "com.apple.product-type.bundle.ui-testing";
		};
/* End PBXNativeTarget section */

/* Begin PBXProject section */
		27871A9A1C11D70B00F0C7E6 /* Project object */ = {
			isa = PBXProject;
			attributes = {
				LastSwiftUpdateCheck = 0710;
				LastUpgradeCheck = 0710;
				ORGANIZATIONNAME = Weng;
				TargetAttributes = {
					27871AA11C11D70B00F0C7E6 = {
						CreatedOnToolsVersion = 7.1.1;
						DevelopmentTeam = 9VNK258Y4A;
					};
					27871AB51C11D70B00F0C7E6 = {
						CreatedOnToolsVersion = 7.1.1;
						TestTargetID = 27871AA11C11D70B00F0C7E6;
					};
					27871AC01C11D70B00F0C7E6 = {
						CreatedOnToolsVersion = 7.1.1;
						TestTargetID = 27871AA11C11D70B00F0C7E6;
					};
				};
			};
			buildConfigurationList = 27871A9D1C11D70B00F0C7E6 /* Build configuration list for PBXProject "Pitch Perfect" */;
			compatibilityVersion = "Xcode 3.2";
			developmentRegion = English;
			hasScannedForEncodings = 0;
			knownRegions = (
				en,
				Base,
			);
			mainGroup = 27871A991C11D70B00F0C7E6;
			productRefGroup = 27871AA31C11D70B00F0C7E6 /* Products */;
			projectDirPath = "";
			projectRoot = "";
			targets = (
				27871AA11C11D70B00F0C7E6 /* Pitch Perfect */,
				27871AB51C11D70B00F0C7E6 /* Pitch PerfectTests */,
				27871AC01C11D70B00F0C7E6 /* Pitch PerfectUITests */,
			);
		};
/* End PBXProject section */

/* Begin PBXResourcesBuildPhase section */
		27871AA01C11D70B00F0C7E6 /* Resources */ = {
			isa = PBXResourcesBuildPhase;
			buildActionMask = 2147483647;
			files = (
				27871AB01C11D70B00F0C7E6 /* LaunchScreen.storyboard in Resources */,
				27871AAD1C11D70B00F0C7E6 /* Assets.xcassets in Resources */,
				27871ADE1C12D32F00F0C7E6 /* movie_quote.mp3 in Resources */,
				27871AAB1C11D70B00F0C7E6 /* Main.storyboard in Resources */,
			);
			runOnlyForDeploymentPostprocessing = 0;
		};
		27871AB41C11D70B00F0C7E6 /* Resources */ = {
			isa = PBXResourcesBuildPhase;
			buildActionMask = 2147483647;
			files = (
			);
			runOnlyForDeploymentPostprocessing = 0;
		};
		27871ABF1C11D70B00F0C7E6 /* Resources */ = {
			isa = PBXResourcesBuildPhase;
			buildActionMask = 2147483647;
			files = (
			);
			runOnlyForDeploymentPostprocessing = 0;
		};
/* End PBXResourcesBuildPhase section */

/* Begin PBXSourcesBuildPhase section */
		27871A9E1C11D70B00F0C7E6 /* Sources */ = {
			isa = PBXSourcesBuildPhase;
			buildActionMask = 2147483647;
			files = (
				27871AE81C12FB1500F0C7E6 /* RecordedAudio.swift in Sources */,
				27871AA81C11D70B00F0C7E6 /* RecordSoundViewController.swift in Sources */,
				27871ADA1C12C23400F0C7E6 /* PlaySoundViewController.swift in Sources */,
				27871AA61C11D70B00F0C7E6 /* AppDelegate.swift in Sources */,
			);
			runOnlyForDeploymentPostprocessing = 0;
		};
		27871AB21C11D70B00F0C7E6 /* Sources */ = {
			isa = PBXSourcesBuildPhase;
			buildActionMask = 2147483647;
			files = (
				27871ABB1C11D70B00F0C7E6 /* Pitch_PerfectTests.swift in Sources */,
			);
			runOnlyForDeploymentPostprocessing = 0;
		};
		27871ABD1C11D70B00F0C7E6 /* Sources */ = {
			isa = PBXSourcesBuildPhase;
			buildActionMask = 2147483647;
			files = (
				27871AC61C11D70C00F0C7E6 /* Pitch_PerfectUITests.swift in Sources */,
			);
			runOnlyForDeploymentPostprocessing = 0;
		};
/* End PBXSourcesBuildPhase section */

/* Begin PBXTargetDependency section */
		27871AB81C11D70B00F0C7E6 /* PBXTargetDependency */ = {
			isa = PBXTargetDependency;
			target = 27871AA11C11D70B00F0C7E6 /* Pitch Perfect */;
			targetProxy = 27871AB71C11D70B00F0C7E6 /* PBXContainerItemProxy */;
		};
		27871AC31C11D70B00F0C7E6 /* PBXTargetDependency */ = {
			isa = PBXTargetDependency;
			target = 27871AA11C11D70B00F0C7E6 /* Pitch Perfect */;
			targetProxy = 27871AC21C11D70B00F0C7E6 /* PBXContainerItemProxy */;
		};
/* End PBXTargetDependency section */

/* Begin PBXVariantGroup section */
		27871AA91C11D70B00F0C7E6 /* Main.storyboard */ = {
			isa = PBXVariantGroup;
			children = (
				27871AAA1C11D70B00F0C7E6 /* Base */,
			);
			name = Main.storyboard;
			sourceTree = "<group>";
		};
		27871AAE1C11D70B00F0C7E6 /* LaunchScreen.storyboard */ = {
			isa = PBXVariantGroup;
			children = (
				27871AAF1C11D70B00F0C7E6 /* Base */,
			);
			name = LaunchScreen.storyboard;
			sourceTree = "<group>";
		};
/* End PBXVariantGroup section */

/* Begin XCBuildConfiguration section */
		27871AC81C11D70C00F0C7E6 /* Debug */ = {
			isa = XCBuildConfiguration;
			buildSettings = {
				ALWAYS_SEARCH_USER_PATHS = NO;
				CLANG_CXX_LANGUAGE_STANDARD = "gnu++0x";
				CLANG_CXX_LIBRARY = "libc++";
				CLANG_ENABLE_MODULES = YES;
				CLANG_ENABLE_OBJC_ARC = YES;
				CLANG_WARN_BOOL_CONVERSION = YES;
				CLANG_WARN_CONSTANT_CONVERSION = YES;
				CLANG_WARN_DIRECT_OBJC_ISA_USAGE = YES_ERROR;
				CLANG_WARN_EMPTY_BODY = YES;
				CLANG_WARN_ENUM_CONVERSION = YES;
				CLANG_WARN_INT_CONVERSION = YES;
				CLANG_WARN_OBJC_ROOT_CLASS = YES_ERROR;
				CLANG_WARN_UNREACHABLE_CODE = YES;
				CLANG_WARN__DUPLICATE_METHOD_MATCH = YES;
				"CODE_SIGN_IDENTITY[sdk=iphoneos*]" = "iPhone Developer";
				COPY_PHASE_STRIP = NO;
				DEBUG_INFORMATION_FORMAT = dwarf;
				ENABLE_STRICT_OBJC_MSGSEND = YES;
				ENABLE_TESTABILITY = YES;
				GCC_C_LANGUAGE_STANDARD = gnu99;
				GCC_DYNAMIC_NO_PIC = NO;
				GCC_NO_COMMON_BLOCKS = YES;
				GCC_OPTIMIZATION_LEVEL = 0;
				GCC_PREPROCESSOR_DEFINITIONS = (
					"DEBUG=1",
					"$(inherited)",
				);
				GCC_WARN_64_TO_32_BIT_CONVERSION = YES;
				GCC_WARN_ABOUT_RETURN_TYPE = YES_ERROR;
				GCC_WARN_UNDECLARED_SELECTOR = YES;
				GCC_WARN_UNINITIALIZED_AUTOS = YES_AGGRESSIVE;
				GCC_WARN_UNUSED_FUNCTION = YES;
				GCC_WARN_UNUSED_VARIABLE = YES;
				IPHONEOS_DEPLOYMENT_TARGET = 9.1;
				MTL_ENABLE_DEBUG_INFO = YES;
				ONLY_ACTIVE_ARCH = YES;
				SDKROOT = iphoneos;
				SWIFT_OPTIMIZATION_LEVEL = "-Onone";
			};
			name = Debug;
		};
		27871AC91C11D70C00F0C7E6 /* Release */ = {
			isa = XCBuildConfiguration;
			buildSettings = {
				ALWAYS_SEARCH_USER_PATHS = NO;
				CLANG_CXX_LANGUAGE_STANDARD = "gnu++0x";
				CLANG_CXX_LIBRARY = "libc++";
				CLANG_ENABLE_MODULES = YES;
				CLANG_ENABLE_OBJC_ARC = YES;
				CLANG_WARN_BOOL_CONVERSION = YES;
				CLANG_WARN_CONSTANT_CONVERSION = YES;
				CLANG_WARN_DIRECT_OBJC_ISA_USAGE = YES_ERROR;
				CLANG_WARN_EMPTY_BODY = YES;
				CLANG_WARN_ENUM_CONVERSION = YES;
				CLANG_WARN_INT_CONVERSION = YES;
				CLANG_WARN_OBJC_ROOT_CLASS = YES_ERROR;
				CLANG_WARN_UNREACHABLE_CODE = YES;
				CLANG_WARN__DUPLICATE_METHOD_MATCH = YES;
				"CODE_SIGN_IDENTITY[sdk=iphoneos*]" = "iPhone Developer";
				COPY_PHASE_STRIP = NO;
				DEBUG_INFORMATION_FORMAT = "dwarf-with-dsym";
				ENABLE_NS_ASSERTIONS = NO;
				ENABLE_STRICT_OBJC_MSGSEND = YES;
				GCC_C_LANGUAGE_STANDARD = gnu99;
				GCC_NO_COMMON_BLOCKS = YES;
				GCC_WARN_64_TO_32_BIT_CONVERSION = YES;
				GCC_WARN_ABOUT_RETURN_TYPE = YES_ERROR;
				GCC_WARN_UNDECLARED_SELECTOR = YES;
				GCC_WARN_UNINITIALIZED_AUTOS = YES_AGGRESSIVE;
				GCC_WARN_UNUSED_FUNCTION = YES;
				GCC_WARN_UNUSED_VARIABLE = YES;
				IPHONEOS_DEPLOYMENT_TARGET = 9.1;
				MTL_ENABLE_DEBUG_INFO = NO;
				SDKROOT = iphoneos;
				VALIDATE_PRODUCT = YES;
			};
			name = Release;
		};
		27871ACB1C11D70C00F0C7E6 /* Debug */ = {
			isa = XCBuildConfiguration;
			buildSettings = {
				ASSETCATALOG_COMPILER_APPICON_NAME = AppIcon;
				CODE_SIGN_IDENTITY = "iPhone Developer";
				INFOPLIST_FILE = "Pitch Perfect/Info.plist";
				LD_RUNPATH_SEARCH_PATHS = "$(inherited) @executable_path/Frameworks";
				PRODUCT_BUNDLE_IDENTIFIER = "com.Weng.Pitch-Perfect";
				PRODUCT_NAME = "$(TARGET_NAME)";
			};
			name = Debug;
		};
		27871ACC1C11D70C00F0C7E6 /* Release */ = {
			isa = XCBuildConfiguration;
			buildSettings = {
				ASSETCATALOG_COMPILER_APPICON_NAME = AppIcon;
				CODE_SIGN_IDENTITY = "iPhone Developer";
				INFOPLIST_FILE = "Pitch Perfect/Info.plist";
				LD_RUNPATH_SEARCH_PATHS = "$(inherited) @executable_path/Frameworks";
				PRODUCT_BUNDLE_IDENTIFIER = "com.Weng.Pitch-Perfect";
				PRODUCT_NAME = "$(TARGET_NAME)";
			};
			name = Release;
		};
		27871ACE1C11D70C00F0C7E6 /* Debug */ = {
			isa = XCBuildConfiguration;
			buildSettings = {
				BUNDLE_LOADER = "$(TEST_HOST)";
				INFOPLIST_FILE = "Pitch PerfectTests/Info.plist";
				LD_RUNPATH_SEARCH_PATHS = "$(inherited) @executable_path/Frameworks @loader_path/Frameworks";
				PRODUCT_BUNDLE_IDENTIFIER = "com.Weng.Pitch-PerfectTests";
				PRODUCT_NAME = "$(TARGET_NAME)";
				TEST_HOST = "$(BUILT_PRODUCTS_DIR)/Pitch Perfect.app/Pitch Perfect";
			};
			name = Debug;
		};
		27871ACF1C11D70C00F0C7E6 /* Release */ = {
			isa = XCBuildConfiguration;
			buildSettings = {
				BUNDLE_LOADER = "$(TEST_HOST)";
				INFOPLIST_FILE = "Pitch PerfectTests/Info.plist";
				LD_RUNPATH_SEARCH_PATHS = "$(inherited) @executable_path/Frameworks @loader_path/Frameworks";
				PRODUCT_BUNDLE_IDENTIFIER = "com.Weng.Pitch-PerfectTests";
				PRODUCT_NAME = "$(TARGET_NAME)";
				TEST_HOST = "$(BUILT_PRODUCTS_DIR)/Pitch Perfect.app/Pitch Perfect";
			};
			name = Release;
		};
		27871AD11C11D70C00F0C7E6 /* Debug */ = {
			isa = XCBuildConfiguration;
			buildSettings = {
				INFOPLIST_FILE = "Pitch PerfectUITests/Info.plist";
				LD_RUNPATH_SEARCH_PATHS = "$(inherited) @executable_path/Frameworks @loader_path/Frameworks";
				PRODUCT_BUNDLE_IDENTIFIER = "com.Weng.Pitch-PerfectUITests";
				PRODUCT_NAME = "$(TARGET_NAME)";
				TEST_TARGET_NAME = "Pitch Perfect";
				USES_XCTRUNNER = YES;
			};
			name = Debug;
		};
		27871AD21C11D70C00F0C7E6 /* Release */ = {
			isa = XCBuildConfiguration;
			buildSettings = {
				INFOPLIST_FILE = "Pitch PerfectUITests/Info.plist";
				LD_RUNPATH_SEARCH_PATHS = "$(inherited) @executable_path/Frameworks @loader_path/Frameworks";
				PRODUCT_BUNDLE_IDENTIFIER = "com.Weng.Pitch-PerfectUITests";
				PRODUCT_NAME = "$(TARGET_NAME)";
				TEST_TARGET_NAME = "Pitch Perfect";
				USES_XCTRUNNER = YES;
			};
			name = Release;
		};
/* End XCBuildConfiguration section */

/* Begin XCConfigurationList section */
		27871A9D1C11D70B00F0C7E6 /* Build configuration list for PBXProject "Pitch Perfect" */ = {
			isa = XCConfigurationList;
			buildConfigurations = (
				27871AC81C11D70C00F0C7E6 /* Debug */,
				27871AC91C11D70C00F0C7E6 /* Release */,
			);
			defaultConfigurationIsVisible = 0;
			defaultConfigurationName = Release;
		};
		27871ACA1C11D70C00F0C7E6 /* Build configuration list for PBXNativeTarget "Pitch Perfect" */ = {
			isa = XCConfigurationList;
			buildConfigurations = (
				27871ACB1C11D70C00F0C7E6 /* Debug */,
				27871ACC1C11D70C00F0C7E6 /* Release */,
			);
			defaultConfigurationIsVisible = 0;
			defaultConfigurationName = Release;
		};
		27871ACD1C11D70C00F0C7E6 /* Build configuration list for PBXNativeTarget "Pitch PerfectTests" */ = {
			isa = XCConfigurationList;
			buildConfigurations = (
				27871ACE1C11D70C00F0C7E6 /* Debug */,
				27871ACF1C11D70C00F0C7E6 /* Release */,
			);
			defaultConfigurationIsVisible = 0;
			defaultConfigurationName = Release;
		};
		27871AD01C11D70C00F0C7E6 /* Build configuration list for PBXNativeTarget "Pitch PerfectUITests" */ = {
			isa = XCConfigurationList;
			buildConfigurations = (
				27871AD11C11D70C00F0C7E6 /* Debug */,
				27871AD21C11D70C00F0C7E6 /* Release */,
			);
			defaultConfigurationIsVisible = 0;
			defaultConfigurationName = Release;
		};
/* End XCConfigurationList section */
	};
	rootObject = 27871A9A1C11D70B00F0C7E6 /* Project object */;
}
